
Microsoft Visual Studio Solution File, Format Version 12.00
# Visual Studio Version 16
VisualStudioVersion = 16.0.31205.134
MinimumVisualStudioVersion = 10.0.40219.1
Project("{9A19103F-16F7-4668-BE54-9A1E7A4F7556}") = "Business", "Business\Business.csproj", "{66C4AB63-BA57-4401-A400-6F816A593F34}"
EndProject
Project("{9A19103F-16F7-4668-BE54-9A1E7A4F7556}") = "DataAccess", "DataAccess\DataAccess.csproj", "{70565407-7C8E-45F6-9C7F-EF33FC5C7D73}"
EndProject
Project("{9A19103F-16F7-4668-BE54-9A1E7A4F7556}") = "Entities", "Entities\Entities.csproj", "{71740525-4065-4B43-A9FE-055F2F98CA91}"
EndProject
Project("{9A19103F-16F7-4668-BE54-9A1E7A4F7556}") = "Core", "Core\Core.csproj", "{F07C6162-FBC3-4158-A44B-A2AFD5564B4A}"
EndProject
Project("{9A19103F-16F7-4668-BE54-9A1E7A4F7556}") = "ConsoleUI", "ConsoleUI\ConsoleUI.csproj", "{C12C6148-9AED-4B3C-B60D-A15C2A344CB2}"
EndProject
Project("{FAE04EC0-301F-11D3-BF4B-00C04F79EFBC}") = "WebAPI", "WebAPI\WebAPI.csproj", "{8DA38308-66B9-4661-8C5C-1DB5040C9662}"
EndProject
Global
	GlobalSection(SolutionConfigurationPlatforms) = preSolution
		Debug|Any CPU = Debug|Any CPU
		Release|Any CPU = Release|Any CPU
	EndGlobalSection
	GlobalSection(ProjectConfigurationPlatforms) = postSolution
		{66C4AB63-BA57-4401-A400-6F816A593F34}.Debug|Any CPU.ActiveCfg = Debug|Any CPU
		{66C4AB63-BA57-4401-A400-6F816A593F34}.Debug|Any CPU.Build.0 = Debug|Any CPU
		{66C4AB63-BA57-4401-A400-6F816A593F34}.Release|Any CPU.ActiveCfg = Release|Any CPU
		{66C4AB63-BA57-4401-A400-6F816A593F34}.Release|Any CPU.Build.0 = Release|Any CPU
		{70565407-7C8E-45F6-9C7F-EF33FC5C7D73}.Debug|Any CPU.ActiveCfg = Debug|Any CPU
		{70565407-7C8E-45F6-9C7F-EF33FC5C7D73}.Debug|Any CPU.Build.0 = Debug|Any CPU
		{70565407-7C8E-45F6-9C7F-EF33FC5C7D73}.Release|Any CPU.ActiveCfg = Release|Any CPU
		{70565407-7C8E-45F6-9C7F-EF33FC5C7D73}.Release|Any CPU.Build.0 = Release|Any CPU
		{71740525-4065-4B43-A9FE-055F2F98CA91}.Debug|Any CPU.ActiveCfg = Debug|Any CPU
		{71740525-4065-4B43-A9FE-055F2F98CA91}.Debug|Any CPU.Build.0 = Debug|Any CPU
		{71740525-4065-4B43-A9FE-055F2F98CA91}.Release|Any CPU.ActiveCfg = Release|Any CPU
		{71740525-4065-4B43-A9FE-055F2F98CA91}.Release|Any CPU.Build.0 = Release|Any CPU
		{F07C6162-FBC3-4158-A44B-A2AFD5564B4A}.Debug|Any CPU.ActiveCfg = Debug|Any CPU
		{F07C6162-FBC3-4158-A44B-A2AFD5564B4A}.Debug|Any CPU.Build.0 = Debug|Any CPU
		{F07C6162-FBC3-4158-A44B-A2AFD5564B4A}.Release|Any CPU.ActiveCfg = Release|Any CPU
		{F07C6162-FBC3-4158-A44B-A2AFD5564B4A}.Release|Any CPU.Build.0 = Release|Any CPU
		{C12C6148-9AED-4B3C-B60D-A15C2A344CB2}.Debug|Any CPU.ActiveCfg = Debug|Any CPU
		{C12C6148-9AED-4B3C-B60D-A15C2A344CB2}.Debug|Any CPU.Build.0 = Debug|Any CPU
		{C12C6148-9AED-4B3C-B60D-A15C2A344CB2}.Release|Any CPU.ActiveCfg = Release|Any CPU
		{C12C6148-9AED-4B3C-B60D-A15C2A344CB2}.Release|Any CPU.Build.0 = Release|Any CPU
		{8DA38308-66B9-4661-8C5C-1DB5040C9662}.Debug|Any CPU.ActiveCfg = Debug|Any CPU
		{8DA38308-66B9-4661-8C5C-1DB5040C9662}.Debug|Any CPU.Build.0 = Debug|Any CPU
		{8DA38308-66B9-4661-8C5C-1DB5040C9662}.Release|Any CPU.ActiveCfg = Release|Any CPU
		{8DA38308-66B9-4661-8C5C-1DB5040C9662}.Release|Any CPU.Build.0 = Release|Any CPU
	EndGlobalSection
	GlobalSection(SolutionProperties) = preSolution
		HideSolutionNode = FALSE
	EndGlobalSection
	GlobalSection(ExtensibilityGlobals) = postSolution
		SolutionGuid = {238FC29C-4587-4409-AD34-FF2DE8A0B7EA}
	EndGlobalSection
EndGlobal
